// !$*UTF8*$!
{
	archiveVersion = 1;
	classes = {
	};
	objectVersion = 46;
	objects = {

/* Begin PBXBuildFile section */
		29398DA018393AB100DF34E4 /* planeUp.png in Resources */ = {isa = PBXBuildFile; fileRef = 29398D9E18393AB100DF34E4 /* planeUp.png */; };
		29398DA118393AB100DF34E4 /* planeDown.png in Resources */ = {isa = PBXBuildFile; fileRef = 29398D9F18393AB100DF34E4 /* planeDown.png */; };
		29398DA31839434B00DF34E4 /* handshake.png in Resources */ = {isa = PBXBuildFile; fileRef = 29398DA21839434B00DF34E4 /* handshake.png */; };
		29436D26183858B9009E7B4E /* FacebookSDK.framework in Frameworks */ = {isa = PBXBuildFile; fileRef = 29436D25183858B9009E7B4E /* FacebookSDK.framework */; };
		29436D2918387CCF009E7B4E /* ProfileViewController.m in Sources */ = {isa = PBXBuildFile; fileRef = 29436D2818387CCF009E7B4E /* ProfileViewController.m */; };
		29436D2F1838B44E009E7B4E /* facebookButton.png in Resources */ = {isa = PBXBuildFile; fileRef = 29436D2C1838B44E009E7B4E /* facebookButton.png */; };
		29436D301838B44E009E7B4E /* Start-up.png in Resources */ = {isa = PBXBuildFile; fileRef = 29436D2D1838B44E009E7B4E /* Start-up.png */; };
		29436D311838B44E009E7B4E /* logo.png in Resources */ = {isa = PBXBuildFile; fileRef = 29436D2E1838B44E009E7B4E /* logo.png */; };
		29436D331838B9B9009E7B4E /* startupShort.png in Resources */ = {isa = PBXBuildFile; fileRef = 29436D321838B9B9009E7B4E /* startupShort.png */; };
		29436D351838F666009E7B4E /* triangle.png in Resources */ = {isa = PBXBuildFile; fileRef = 29436D341838F666009E7B4E /* triangle.png */; };
		29436D38183900E0009E7B4E /* parseLoginViewController.m in Sources */ = {isa = PBXBuildFile; fileRef = 29436D37183900E0009E7B4E /* parseLoginViewController.m */; };
		29436D3B183906AE009E7B4E /* ParseSignupViewController.m in Sources */ = {isa = PBXBuildFile; fileRef = 29436D3A183906AE009E7B4E /* ParseSignupViewController.m */; };
		29436D45183914AC009E7B4E /* profileBG9.png in Resources */ = {isa = PBXBuildFile; fileRef = 29436D3C183914AC009E7B4E /* profileBG9.png */; };
		29436D46183914AC009E7B4E /* profileBG8.png in Resources */ = {isa = PBXBuildFile; fileRef = 29436D3D183914AC009E7B4E /* profileBG8.png */; };
		29436D47183914AC009E7B4E /* profileBG7.png in Resources */ = {isa = PBXBuildFile; fileRef = 29436D3E183914AC009E7B4E /* profileBG7.png */; };
		29436D48183914AC009E7B4E /* profileBG6.png in Resources */ = {isa = PBXBuildFile; fileRef = 29436D3F183914AC009E7B4E /* profileBG6.png */; };
		29436D49183914AC009E7B4E /* profileBG5.png in Resources */ = {isa = PBXBuildFile; fileRef = 29436D40183914AC009E7B4E /* profileBG5.png */; };
		29436D4A183914AC009E7B4E /* profileBG4.png in Resources */ = {isa = PBXBuildFile; fileRef = 29436D41183914AC009E7B4E /* profileBG4.png */; };
		29436D4B183914AC009E7B4E /* profileBG3.png in Resources */ = {isa = PBXBuildFile; fileRef = 29436D42183914AC009E7B4E /* profileBG3.png */; };
		29436D4C183914AC009E7B4E /* profileBG2.png in Resources */ = {isa = PBXBuildFile; fileRef = 29436D43183914AC009E7B4E /* profileBG2.png */; };
		29436D4D183914AC009E7B4E /* profileBG1.png in Resources */ = {isa = PBXBuildFile; fileRef = 29436D44183914AC009E7B4E /* profileBG1.png */; };
		29436D5118391DC9009E7B4E /* chatIcon.png in Resources */ = {isa = PBXBuildFile; fileRef = 29436D5018391DC9009E7B4E /* chatIcon.png */; };
		29436D5418391DEC009E7B4E /* inbound.png in Resources */ = {isa = PBXBuildFile; fileRef = 29436D5218391DEC009E7B4E /* inbound.png */; };
		29436D5518391DEC009E7B4E /* outbound.png in Resources */ = {isa = PBXBuildFile; fileRef = 29436D5318391DEC009E7B4E /* outbound.png */; };
		2997CA491839338B00515514 /* UnknownProfile.png in Resources */ = {isa = PBXBuildFile; fileRef = 2997CA481839338B00515514 /* UnknownProfile.png */; };
		8F5F6F2E183917260052DE9D /* Reachability.m in Sources */ = {isa = PBXBuildFile; fileRef = 8F5F6F2D183917260052DE9D /* Reachability.m */; };
		8FAF00B3183835EA000473DA /* Foundation.framework in Frameworks */ = {isa = PBXBuildFile; fileRef = 8FAF00B2183835EA000473DA /* Foundation.framework */; };
		8FAF00B5183835EA000473DA /* CoreGraphics.framework in Frameworks */ = {isa = PBXBuildFile; fileRef = 8FAF00B4183835EA000473DA /* CoreGraphics.framework */; };
		8FAF00B7183835EA000473DA /* UIKit.framework in Frameworks */ = {isa = PBXBuildFile; fileRef = 8FAF00B6183835EA000473DA /* UIKit.framework */; };
		8FAF00BD183835EA000473DA /* InfoPlist.strings in Resources */ = {isa = PBXBuildFile; fileRef = 8FAF00BB183835EA000473DA /* InfoPlist.strings */; };
		8FAF00BF183835EA000473DA /* main.m in Sources */ = {isa = PBXBuildFile; fileRef = 8FAF00BE183835EA000473DA /* main.m */; };
		8FAF00C3183835EA000473DA /* AppDelegate.m in Sources */ = {isa = PBXBuildFile; fileRef = 8FAF00C2183835EA000473DA /* AppDelegate.m */; };
		8FAF00C6183835EA000473DA /* Main.storyboard in Resources */ = {isa = PBXBuildFile; fileRef = 8FAF00C4183835EA000473DA /* Main.storyboard */; };
		8FAF00CB183835EA000473DA /* Images.xcassets in Resources */ = {isa = PBXBuildFile; fileRef = 8FAF00CA183835EA000473DA /* Images.xcassets */; };
		8FAF00D2183835EA000473DA /* XCTest.framework in Frameworks */ = {isa = PBXBuildFile; fileRef = 8FAF00D1183835EA000473DA /* XCTest.framework */; };
		8FAF00D3183835EA000473DA /* Foundation.framework in Frameworks */ = {isa = PBXBuildFile; fileRef = 8FAF00B2183835EA000473DA /* Foundation.framework */; };
		8FAF00D4183835EA000473DA /* UIKit.framework in Frameworks */ = {isa = PBXBuildFile; fileRef = 8FAF00B6183835EA000473DA /* UIKit.framework */; };
		8FAF00DC183835EA000473DA /* InfoPlist.strings in Resources */ = {isa = PBXBuildFile; fileRef = 8FAF00DA183835EA000473DA /* InfoPlist.strings */; };
		8FAF00DE183835EA000473DA /* LayOverTakeTwoTests.m in Sources */ = {isa = PBXBuildFile; fileRef = 8FAF00DD183835EA000473DA /* LayOverTakeTwoTests.m */; };
		8FAF00E9183837BE000473DA /* LoginScreenViewController.m in Sources */ = {isa = PBXBuildFile; fileRef = 8FAF00E8183837BE000473DA /* LoginScreenViewController.m */; };
		8FAF00F5183839DE000473DA /* AudioToolbox.framework in Frameworks */ = {isa = PBXBuildFile; fileRef = 8FAF00EC183839DE000473DA /* AudioToolbox.framework */; };
		8FAF00F6183839DE000473DA /* CFNetwork.framework in Frameworks */ = {isa = PBXBuildFile; fileRef = 8FAF00ED183839DE000473DA /* CFNetwork.framework */; };
		8FAF00F7183839DE000473DA /* CoreLocation.framework in Frameworks */ = {isa = PBXBuildFile; fileRef = 8FAF00EE183839DE000473DA /* CoreLocation.framework */; };
		8FAF00F8183839DE000473DA /* libz.1.1.3.dylib in Frameworks */ = {isa = PBXBuildFile; fileRef = 8FAF00EF183839DE000473DA /* libz.1.1.3.dylib */; };
		8FAF00F9183839DE000473DA /* MobileCoreServices.framework in Frameworks */ = {isa = PBXBuildFile; fileRef = 8FAF00F0183839DE000473DA /* MobileCoreServices.framework */; };
		8FAF00FA183839DE000473DA /* QuartzCore.framework in Frameworks */ = {isa = PBXBuildFile; fileRef = 8FAF00F1183839DE000473DA /* QuartzCore.framework */; };
		8FAF00FB183839DE000473DA /* Security.framework in Frameworks */ = {isa = PBXBuildFile; fileRef = 8FAF00F2183839DE000473DA /* Security.framework */; };
		8FAF00FD183839DE000473DA /* SystemConfiguration.framework in Frameworks */ = {isa = PBXBuildFile; fileRef = 8FAF00F4183839DE000473DA /* SystemConfiguration.framework */; };
		8FAF00FF18383C8F000473DA /* Parse.framework in Frameworks */ = {isa = PBXBuildFile; fileRef = 8FAF00FE18383C8F000473DA /* Parse.framework */; settings = {ATTRIBUTES = (Required, ); }; };
		8FB988BF1838B28900E804B6 /* ViewProfilesViewController.m in Sources */ = {isa = PBXBuildFile; fileRef = 8FB988BE1838B28900E804B6 /* ViewProfilesViewController.m */; };
		8FB988C41838D9A700E804B6 /* ChatRoomViewController.m in Sources */ = {isa = PBXBuildFile; fileRef = 8FB988C31838D9A700E804B6 /* ChatRoomViewController.m */; };
		8FB988C71838DB4700E804B6 /* ChatCell.m in Sources */ = {isa = PBXBuildFile; fileRef = 8FB988C61838DB4700E804B6 /* ChatCell.m */; };
		8FD2D92E1838434A004BCA3E /* (null) in Sources */ = {isa = PBXBuildFile; };
		8FD2D931183857D9004BCA3E /* CheckInViewController.m in Sources */ = {isa = PBXBuildFile; fileRef = 8FD2D930183857D9004BCA3E /* CheckInViewController.m */; };
		8FD2D93418388141004BCA3E /* MapKit.framework in Frameworks */ = {isa = PBXBuildFile; fileRef = 8FD2D93318388141004BCA3E /* MapKit.framework */; };
		8FE123DA18393220001578DE /* MeetupViewController.m in Sources */ = {isa = PBXBuildFile; fileRef = 8FE123D918393220001578DE /* MeetupViewController.m */; };
		8FE123DD183938A5001578DE /* MeetupDetailViewController.m in Sources */ = {isa = PBXBuildFile; fileRef = 8FE123DC183938A5001578DE /* MeetupDetailViewController.m */; };
		94BBB87B183891AF00B99F8E /* Parse.framework in Frameworks */ = {isa = PBXBuildFile; fileRef = 94BBB87A183891AF00B99F8E /* Parse.framework */; };
		94BBB87C183891AF00B99F8E /* Parse.framework in Frameworks */ = {isa = PBXBuildFile; fileRef = 94BBB87A183891AF00B99F8E /* Parse.framework */; };
/* End PBXBuildFile section */

/* Begin PBXContainerItemProxy section */
		8FAF00D5183835EA000473DA /* PBXContainerItemProxy */ = {
			isa = PBXContainerItemProxy;
			containerPortal = 8FAF00A7183835EA000473DA /* Project object */;
			proxyType = 1;
			remoteGlobalIDString = 8FAF00AE183835EA000473DA;
			remoteInfo = LayOverTakeTwo;
		};
/* End PBXContainerItemProxy section */

/* Begin PBXFileReference section */
		29398D9E18393AB100DF34E4 /* planeUp.png */ = {isa = PBXFileReference; lastKnownFileType = image.png; path = planeUp.png; sourceTree = "<group>"; };
		29398D9F18393AB100DF34E4 /* planeDown.png */ = {isa = PBXFileReference; lastKnownFileType = image.png; path = planeDown.png; sourceTree = "<group>"; };
		29398DA21839434B00DF34E4 /* handshake.png */ = {isa = PBXFileReference; lastKnownFileType = image.png; path = handshake.png; sourceTree = "<group>"; };
		29436D25183858B9009E7B4E /* FacebookSDK.framework */ = {isa = PBXFileReference; lastKnownFileType = wrapper.framework; path = FacebookSDK.framework; sourceTree = "<group>"; };
		29436D2718387CCE009E7B4E /* ProfileViewController.h */ = {isa = PBXFileReference; fileEncoding = 4; lastKnownFileType = sourcecode.c.h; path = ProfileViewController.h; sourceTree = "<group>"; };
		29436D2818387CCF009E7B4E /* ProfileViewController.m */ = {isa = PBXFileReference; fileEncoding = 4; lastKnownFileType = sourcecode.c.objc; path = ProfileViewController.m; sourceTree = "<group>"; };
		29436D2C1838B44E009E7B4E /* facebookButton.png */ = {isa = PBXFileReference; lastKnownFileType = image.png; path = facebookButton.png; sourceTree = "<group>"; };
		29436D2D1838B44E009E7B4E /* Start-up.png */ = {isa = PBXFileReference; lastKnownFileType = image.png; path = "Start-up.png"; sourceTree = "<group>"; };
		29436D2E1838B44E009E7B4E /* logo.png */ = {isa = PBXFileReference; lastKnownFileType = image.png; path = logo.png; sourceTree = "<group>"; };
		29436D321838B9B9009E7B4E /* startupShort.png */ = {isa = PBXFileReference; lastKnownFileType = image.png; path = startupShort.png; sourceTree = "<group>"; };
		29436D341838F666009E7B4E /* triangle.png */ = {isa = PBXFileReference; lastKnownFileType = image.png; path = triangle.png; sourceTree = "<group>"; };
		29436D36183900E0009E7B4E /* parseLoginViewController.h */ = {isa = PBXFileReference; fileEncoding = 4; lastKnownFileType = sourcecode.c.h; name = parseLoginViewController.h; path = Images.xcassets/parseLoginViewController.h; sourceTree = "<group>"; };
		29436D37183900E0009E7B4E /* parseLoginViewController.m */ = {isa = PBXFileReference; fileEncoding = 4; lastKnownFileType = sourcecode.c.objc; name = parseLoginViewController.m; path = Images.xcassets/parseLoginViewController.m; sourceTree = "<group>"; };
		29436D39183906AE009E7B4E /* ParseSignupViewController.h */ = {isa = PBXFileReference; fileEncoding = 4; lastKnownFileType = sourcecode.c.h; path = ParseSignupViewController.h; sourceTree = "<group>"; };
		29436D3A183906AE009E7B4E /* ParseSignupViewController.m */ = {isa = PBXFileReference; fileEncoding = 4; lastKnownFileType = sourcecode.c.objc; path = ParseSignupViewController.m; sourceTree = "<group>"; };
		29436D3C183914AC009E7B4E /* profileBG9.png */ = {isa = PBXFileReference; lastKnownFileType = image.png; path = profileBG9.png; sourceTree = "<group>"; };
		29436D3D183914AC009E7B4E /* profileBG8.png */ = {isa = PBXFileReference; lastKnownFileType = image.png; path = profileBG8.png; sourceTree = "<group>"; };
		29436D3E183914AC009E7B4E /* profileBG7.png */ = {isa = PBXFileReference; lastKnownFileType = image.png; path = profileBG7.png; sourceTree = "<group>"; };
		29436D3F183914AC009E7B4E /* profileBG6.png */ = {isa = PBXFileReference; lastKnownFileType = image.png; path = profileBG6.png; sourceTree = "<group>"; };
		29436D40183914AC009E7B4E /* profileBG5.png */ = {isa = PBXFileReference; lastKnownFileType = image.png; path = profileBG5.png; sourceTree = "<group>"; };
		29436D41183914AC009E7B4E /* profileBG4.png */ = {isa = PBXFileReference; lastKnownFileType = image.png; path = profileBG4.png; sourceTree = "<group>"; };
		29436D42183914AC009E7B4E /* profileBG3.png */ = {isa = PBXFileReference; lastKnownFileType = image.png; path = profileBG3.png; sourceTree = "<group>"; };
		29436D43183914AC009E7B4E /* profileBG2.png */ = {isa = PBXFileReference; lastKnownFileType = image.png; path = profileBG2.png; sourceTree = "<group>"; };
		29436D44183914AC009E7B4E /* profileBG1.png */ = {isa = PBXFileReference; lastKnownFileType = image.png; path = profileBG1.png; sourceTree = "<group>"; };
		29436D5018391DC9009E7B4E /* chatIcon.png */ = {isa = PBXFileReference; lastKnownFileType = image.png; path = chatIcon.png; sourceTree = "<group>"; };
		29436D5218391DEC009E7B4E /* inbound.png */ = {isa = PBXFileReference; lastKnownFileType = image.png; path = inbound.png; sourceTree = "<group>"; };
		29436D5318391DEC009E7B4E /* outbound.png */ = {isa = PBXFileReference; lastKnownFileType = image.png; path = outbound.png; sourceTree = "<group>"; };
		2997CA481839338B00515514 /* UnknownProfile.png */ = {isa = PBXFileReference; lastKnownFileType = image.png; path = UnknownProfile.png; sourceTree = "<group>"; };
		8F5F6F2C183917260052DE9D /* Reachability.h */ = {isa = PBXFileReference; fileEncoding = 4; lastKnownFileType = sourcecode.c.h; path = Reachability.h; sourceTree = "<group>"; };
		8F5F6F2D183917260052DE9D /* Reachability.m */ = {isa = PBXFileReference; fileEncoding = 4; lastKnownFileType = sourcecode.c.objc; path = Reachability.m; sourceTree = "<group>"; };
		8FAF00AF183835EA000473DA /* LayOverTakeTwo.app */ = {isa = PBXFileReference; explicitFileType = wrapper.application; includeInIndex = 0; path = LayOverTakeTwo.app; sourceTree = BUILT_PRODUCTS_DIR; };
		8FAF00B2183835EA000473DA /* Foundation.framework */ = {isa = PBXFileReference; lastKnownFileType = wrapper.framework; name = Foundation.framework; path = System/Library/Frameworks/Foundation.framework; sourceTree = SDKROOT; };
		8FAF00B4183835EA000473DA /* CoreGraphics.framework */ = {isa = PBXFileReference; lastKnownFileType = wrapper.framework; name = CoreGraphics.framework; path = System/Library/Frameworks/CoreGraphics.framework; sourceTree = SDKROOT; };
		8FAF00B6183835EA000473DA /* UIKit.framework */ = {isa = PBXFileReference; lastKnownFileType = wrapper.framework; name = UIKit.framework; path = System/Library/Frameworks/UIKit.framework; sourceTree = SDKROOT; };
		8FAF00BA183835EA000473DA /* LayOverTakeTwo-Info.plist */ = {isa = PBXFileReference; lastKnownFileType = text.plist.xml; path = "LayOverTakeTwo-Info.plist"; sourceTree = "<group>"; };
		8FAF00BC183835EA000473DA /* en */ = {isa = PBXFileReference; lastKnownFileType = text.plist.strings; name = en; path = en.lproj/InfoPlist.strings; sourceTree = "<group>"; };
		8FAF00BE183835EA000473DA /* main.m */ = {isa = PBXFileReference; lastKnownFileType = sourcecode.c.objc; path = main.m; sourceTree = "<group>"; };
		8FAF00C0183835EA000473DA /* LayOverTakeTwo-Prefix.pch */ = {isa = PBXFileReference; lastKnownFileType = sourcecode.c.h; path = "LayOverTakeTwo-Prefix.pch"; sourceTree = "<group>"; };
		8FAF00C1183835EA000473DA /* AppDelegate.h */ = {isa = PBXFileReference; lastKnownFileType = sourcecode.c.h; path = AppDelegate.h; sourceTree = "<group>"; };
		8FAF00C2183835EA000473DA /* AppDelegate.m */ = {isa = PBXFileReference; lastKnownFileType = sourcecode.c.objc; path = AppDelegate.m; sourceTree = "<group>"; };
		8FAF00CA183835EA000473DA /* Images.xcassets */ = {isa = PBXFileReference; lastKnownFileType = folder.assetcatalog; path = Images.xcassets; sourceTree = "<group>"; };
		8FAF00D0183835EA000473DA /* LayOverTakeTwoTests.xctest */ = {isa = PBXFileReference; explicitFileType = wrapper.cfbundle; includeInIndex = 0; path = LayOverTakeTwoTests.xctest; sourceTree = BUILT_PRODUCTS_DIR; };
		8FAF00D1183835EA000473DA /* XCTest.framework */ = {isa = PBXFileReference; lastKnownFileType = wrapper.framework; name = XCTest.framework; path = Library/Frameworks/XCTest.framework; sourceTree = DEVELOPER_DIR; };
		8FAF00D9183835EA000473DA /* LayOverTakeTwoTests-Info.plist */ = {isa = PBXFileReference; lastKnownFileType = text.plist.xml; path = "LayOverTakeTwoTests-Info.plist"; sourceTree = "<group>"; };
		8FAF00DB183835EA000473DA /* en */ = {isa = PBXFileReference; lastKnownFileType = text.plist.strings; name = en; path = en.lproj/InfoPlist.strings; sourceTree = "<group>"; };
		8FAF00DD183835EA000473DA /* LayOverTakeTwoTests.m */ = {isa = PBXFileReference; lastKnownFileType = sourcecode.c.objc; path = LayOverTakeTwoTests.m; sourceTree = "<group>"; };
		8FAF00E7183837BE000473DA /* LoginScreenViewController.h */ = {isa = PBXFileReference; fileEncoding = 4; lastKnownFileType = sourcecode.c.h; path = LoginScreenViewController.h; sourceTree = "<group>"; };
		8FAF00E8183837BE000473DA /* LoginScreenViewController.m */ = {isa = PBXFileReference; fileEncoding = 4; lastKnownFileType = sourcecode.c.objc; path = LoginScreenViewController.m; sourceTree = "<group>"; };
		8FAF00EC183839DE000473DA /* AudioToolbox.framework */ = {isa = PBXFileReference; lastKnownFileType = wrapper.framework; name = AudioToolbox.framework; path = System/Library/Frameworks/AudioToolbox.framework; sourceTree = SDKROOT; };
		8FAF00ED183839DE000473DA /* CFNetwork.framework */ = {isa = PBXFileReference; lastKnownFileType = wrapper.framework; name = CFNetwork.framework; path = System/Library/Frameworks/CFNetwork.framework; sourceTree = SDKROOT; };
		8FAF00EE183839DE000473DA /* CoreLocation.framework */ = {isa = PBXFileReference; lastKnownFileType = wrapper.framework; name = CoreLocation.framework; path = System/Library/Frameworks/CoreLocation.framework; sourceTree = SDKROOT; };
		8FAF00EF183839DE000473DA /* libz.1.1.3.dylib */ = {isa = PBXFileReference; lastKnownFileType = "compiled.mach-o.dylib"; name = libz.1.1.3.dylib; path = usr/lib/libz.1.1.3.dylib; sourceTree = SDKROOT; };
		8FAF00F0183839DE000473DA /* MobileCoreServices.framework */ = {isa = PBXFileReference; lastKnownFileType = wrapper.framework; name = MobileCoreServices.framework; path = System/Library/Frameworks/MobileCoreServices.framework; sourceTree = SDKROOT; };
		8FAF00F1183839DE000473DA /* QuartzCore.framework */ = {isa = PBXFileReference; lastKnownFileType = wrapper.framework; name = QuartzCore.framework; path = System/Library/Frameworks/QuartzCore.framework; sourceTree = SDKROOT; };
		8FAF00F2183839DE000473DA /* Security.framework */ = {isa = PBXFileReference; lastKnownFileType = wrapper.framework; name = Security.framework; path = System/Library/Frameworks/Security.framework; sourceTree = SDKROOT; };
		8FAF00F4183839DE000473DA /* SystemConfiguration.framework */ = {isa = PBXFileReference; lastKnownFileType = wrapper.framework; name = SystemConfiguration.framework; path = System/Library/Frameworks/SystemConfiguration.framework; sourceTree = SDKROOT; };
		8FAF00FE18383C8F000473DA /* Parse.framework */ = {isa = PBXFileReference; lastKnownFileType = wrapper.framework; path = Parse.framework; sourceTree = "<group>"; };
		8FB988BD1838B28900E804B6 /* ViewProfilesViewController.h */ = {isa = PBXFileReference; fileEncoding = 4; lastKnownFileType = sourcecode.c.h; path = ViewProfilesViewController.h; sourceTree = "<group>"; };
		8FB988BE1838B28900E804B6 /* ViewProfilesViewController.m */ = {isa = PBXFileReference; fileEncoding = 4; lastKnownFileType = sourcecode.c.objc; path = ViewProfilesViewController.m; sourceTree = "<group>"; };
		8FB988C21838D9A700E804B6 /* ChatRoomViewController.h */ = {isa = PBXFileReference; fileEncoding = 4; lastKnownFileType = sourcecode.c.h; path = ChatRoomViewController.h; sourceTree = "<group>"; };
		8FB988C31838D9A700E804B6 /* ChatRoomViewController.m */ = {isa = PBXFileReference; fileEncoding = 4; lastKnownFileType = sourcecode.c.objc; path = ChatRoomViewController.m; sourceTree = "<group>"; };
		8FB988C51838DB4700E804B6 /* ChatCell.h */ = {isa = PBXFileReference; fileEncoding = 4; lastKnownFileType = sourcecode.c.h; path = ChatCell.h; sourceTree = "<group>"; };
		8FB988C61838DB4700E804B6 /* ChatCell.m */ = {isa = PBXFileReference; fileEncoding = 4; lastKnownFileType = sourcecode.c.objc; path = ChatCell.m; sourceTree = "<group>"; };
		8FD2D92F183857D9004BCA3E /* CheckInViewController.h */ = {isa = PBXFileReference; fileEncoding = 4; lastKnownFileType = sourcecode.c.h; path = CheckInViewController.h; sourceTree = "<group>"; };
		8FD2D930183857D9004BCA3E /* CheckInViewController.m */ = {isa = PBXFileReference; fileEncoding = 4; lastKnownFileType = sourcecode.c.objc; path = CheckInViewController.m; sourceTree = "<group>"; };
		8FD2D93218387015004BCA3E /* en */ = {isa = PBXFileReference; lastKnownFileType = file.storyboard; name = en; path = en.lproj/Main.storyboard; sourceTree = "<group>"; };
		8FD2D93318388141004BCA3E /* MapKit.framework */ = {isa = PBXFileReference; lastKnownFileType = wrapper.framework; name = MapKit.framework; path = System/Library/Frameworks/MapKit.framework; sourceTree = SDKROOT; };
		8FE123D818393220001578DE /* MeetupViewController.h */ = {isa = PBXFileReference; fileEncoding = 4; lastKnownFileType = sourcecode.c.h; path = MeetupViewController.h; sourceTree = "<group>"; };
		8FE123D918393220001578DE /* MeetupViewController.m */ = {isa = PBXFileReference; fileEncoding = 4; lastKnownFileType = sourcecode.c.objc; path = MeetupViewController.m; sourceTree = "<group>"; };
		8FE123DB183938A5001578DE /* MeetupDetailViewController.h */ = {isa = PBXFileReference; fileEncoding = 4; lastKnownFileType = sourcecode.c.h; path = MeetupDetailViewController.h; sourceTree = "<group>"; };
		8FE123DC183938A5001578DE /* MeetupDetailViewController.m */ = {isa = PBXFileReference; fileEncoding = 4; lastKnownFileType = sourcecode.c.objc; path = MeetupDetailViewController.m; sourceTree = "<group>"; };
		94BBB87A183891AF00B99F8E /* Parse.framework */ = {isa = PBXFileReference; lastKnownFileType = wrapper.framework; path = Parse.framework; sourceTree = "<group>"; };
/* End PBXFileReference section */

/* Begin PBXFrameworksBuildPhase section */
		8FAF00AC183835EA000473DA /* Frameworks */ = {
			isa = PBXFrameworksBuildPhase;
			buildActionMask = 2147483647;
			files = (
				8FD2D93418388141004BCA3E /* MapKit.framework in Frameworks */,
				8FAF00F5183839DE000473DA /* AudioToolbox.framework in Frameworks */,
				8FAF00F6183839DE000473DA /* CFNetwork.framework in Frameworks */,
				8FAF00F7183839DE000473DA /* CoreLocation.framework in Frameworks */,
				8FAF00F8183839DE000473DA /* libz.1.1.3.dylib in Frameworks */,
				94BBB87B183891AF00B99F8E /* Parse.framework in Frameworks */,
				8FAF00F9183839DE000473DA /* MobileCoreServices.framework in Frameworks */,
				8FAF00FA183839DE000473DA /* QuartzCore.framework in Frameworks */,
				8FAF00FF18383C8F000473DA /* Parse.framework in Frameworks */,
				8FAF00FB183839DE000473DA /* Security.framework in Frameworks */,
				8FAF00FD183839DE000473DA /* SystemConfiguration.framework in Frameworks */,
				8FAF00B5183835EA000473DA /* CoreGraphics.framework in Frameworks */,
				8FAF00B7183835EA000473DA /* UIKit.framework in Frameworks */,
				8FAF00B3183835EA000473DA /* Foundation.framework in Frameworks */,
				29436D26183858B9009E7B4E /* FacebookSDK.framework in Frameworks */,
			);
			runOnlyForDeploymentPostprocessing = 0;
		};
		8FAF00CD183835EA000473DA /* Frameworks */ = {
			isa = PBXFrameworksBuildPhase;
			buildActionMask = 2147483647;
			files = (
				8FAF00D2183835EA000473DA /* XCTest.framework in Frameworks */,
				8FAF00D4183835EA000473DA /* UIKit.framework in Frameworks */,
				94BBB87C183891AF00B99F8E /* Parse.framework in Frameworks */,
				8FAF00D3183835EA000473DA /* Foundation.framework in Frameworks */,
			);
			runOnlyForDeploymentPostprocessing = 0;
		};
/* End PBXFrameworksBuildPhase section */

/* Begin PBXGroup section */
		8FAF00A6183835EA000473DA = {
			isa = PBXGroup;
			children = (
				8FAF00B8183835EA000473DA /* LayOverTakeTwo */,
				8FAF00D7183835EA000473DA /* LayOverTakeTwoTests */,
				8FAF00B1183835EA000473DA /* Frameworks */,
				8FAF00B0183835EA000473DA /* Products */,
			);
			sourceTree = "<group>";
		};
		8FAF00B0183835EA000473DA /* Products */ = {
			isa = PBXGroup;
			children = (
				8FAF00AF183835EA000473DA /* LayOverTakeTwo.app */,
				8FAF00D0183835EA000473DA /* LayOverTakeTwoTests.xctest */,
			);
			name = Products;
			sourceTree = "<group>";
		};
		8FAF00B1183835EA000473DA /* Frameworks */ = {
			isa = PBXGroup;
			children = (
				8FD2D93318388141004BCA3E /* MapKit.framework */,
				29436D25183858B9009E7B4E /* FacebookSDK.framework */,
				94BBB87A183891AF00B99F8E /* Parse.framework */,
				8FAF00FE18383C8F000473DA /* Parse.framework */,
				29436D25183858B9009E7B4E /* FacebookSDK.framework */,
				8FAF00EC183839DE000473DA /* AudioToolbox.framework */,
				8FAF00ED183839DE000473DA /* CFNetwork.framework */,
				8FAF00EE183839DE000473DA /* CoreLocation.framework */,
				8FAF00EF183839DE000473DA /* libz.1.1.3.dylib */,
				8FAF00F0183839DE000473DA /* MobileCoreServices.framework */,
				8FAF00F1183839DE000473DA /* QuartzCore.framework */,
				8FAF00F2183839DE000473DA /* Security.framework */,
				8FAF00F4183839DE000473DA /* SystemConfiguration.framework */,
				8FAF00B2183835EA000473DA /* Foundation.framework */,
				8FAF00B4183835EA000473DA /* CoreGraphics.framework */,
				8FAF00B6183835EA000473DA /* UIKit.framework */,
				8FAF00D1183835EA000473DA /* XCTest.framework */,
			);
			name = Frameworks;
			sourceTree = "<group>";
		};
		8FAF00B8183835EA000473DA /* LayOverTakeTwo */ = {
			isa = PBXGroup;
			children = (
				8FAF00C1183835EA000473DA /* AppDelegate.h */,
				8FAF00C2183835EA000473DA /* AppDelegate.m */,
				8FAF00C4183835EA000473DA /* Main.storyboard */,
				29436D36183900E0009E7B4E /* parseLoginViewController.h */,
				29436D37183900E0009E7B4E /* parseLoginViewController.m */,
				29436D2718387CCE009E7B4E /* ProfileViewController.h */,
				29436D2818387CCF009E7B4E /* ProfileViewController.m */,
				8FD2D92F183857D9004BCA3E /* CheckInViewController.h */,
				8FD2D930183857D9004BCA3E /* CheckInViewController.m */,
				8FAF00E7183837BE000473DA /* LoginScreenViewController.h */,
				8FAF00E8183837BE000473DA /* LoginScreenViewController.m */,
				8FE123D818393220001578DE /* MeetupViewController.h */,
				8FE123D918393220001578DE /* MeetupViewController.m */,
				8FE123DB183938A5001578DE /* MeetupDetailViewController.h */,
				8FE123DC183938A5001578DE /* MeetupDetailViewController.m */,
				29436D39183906AE009E7B4E /* ParseSignupViewController.h */,
				29436D3A183906AE009E7B4E /* ParseSignupViewController.m */,
				8FB988BD1838B28900E804B6 /* ViewProfilesViewController.h */,
				8FB988BE1838B28900E804B6 /* ViewProfilesViewController.m */,
				8FB988C21838D9A700E804B6 /* ChatRoomViewController.h */,
				8FB988C31838D9A700E804B6 /* ChatRoomViewController.m */,
				8FB988C51838DB4700E804B6 /* ChatCell.h */,
				8FB988C61838DB4700E804B6 /* ChatCell.m */,
				8F5F6F2C183917260052DE9D /* Reachability.h */,
				8F5F6F2D183917260052DE9D /* Reachability.m */,
				8FAF00CA183835EA000473DA /* Images.xcassets */,
				8FAF00B9183835EA000473DA /* Supporting Files */,
			);
			path = LayOverTakeTwo;
			sourceTree = "<group>";
		};
		8FAF00B9183835EA000473DA /* Supporting Files */ = {
			isa = PBXGroup;
			children = (
				29436D3C183914AC009E7B4E /* profileBG9.png */,
				29436D3D183914AC009E7B4E /* profileBG8.png */,
				29436D3E183914AC009E7B4E /* profileBG7.png */,
				29436D5018391DC9009E7B4E /* chatIcon.png */,
				29436D5218391DEC009E7B4E /* inbound.png */,
				29398D9E18393AB100DF34E4 /* planeUp.png */,
				29398DA21839434B00DF34E4 /* handshake.png */,
				29398D9F18393AB100DF34E4 /* planeDown.png */,
				29436D5318391DEC009E7B4E /* outbound.png */,
				29436D3F183914AC009E7B4E /* profileBG6.png */,
				2997CA481839338B00515514 /* UnknownProfile.png */,
				29436D40183914AC009E7B4E /* profileBG5.png */,
				29436D41183914AC009E7B4E /* profileBG4.png */,
				29436D42183914AC009E7B4E /* profileBG3.png */,
				29436D43183914AC009E7B4E /* profileBG2.png */,
				29436D44183914AC009E7B4E /* profileBG1.png */,
				29436D321838B9B9009E7B4E /* startupShort.png */,
				29436D341838F666009E7B4E /* triangle.png */,
				29436D2C1838B44E009E7B4E /* facebookButton.png */,
				29436D2D1838B44E009E7B4E /* Start-up.png */,
				29436D2E1838B44E009E7B4E /* logo.png */,
				8FAF00BA183835EA000473DA /* LayOverTakeTwo-Info.plist */,
				8FAF00BB183835EA000473DA /* InfoPlist.strings */,
				8FAF00BE183835EA000473DA /* main.m */,
				8FAF00C0183835EA000473DA /* LayOverTakeTwo-Prefix.pch */,
			);
			name = "Supporting Files";
			sourceTree = "<group>";
		};
		8FAF00D7183835EA000473DA /* LayOverTakeTwoTests */ = {
			isa = PBXGroup;
			children = (
				8FAF00DD183835EA000473DA /* LayOverTakeTwoTests.m */,
				8FAF00D8183835EA000473DA /* Supporting Files */,
			);
			path = LayOverTakeTwoTests;
			sourceTree = "<group>";
		};
		8FAF00D8183835EA000473DA /* Supporting Files */ = {
			isa = PBXGroup;
			children = (
				8FAF00D9183835EA000473DA /* LayOverTakeTwoTests-Info.plist */,
				8FAF00DA183835EA000473DA /* InfoPlist.strings */,
			);
			name = "Supporting Files";
			sourceTree = "<group>";
		};
/* End PBXGroup section */

/* Begin PBXNativeTarget section */
		8FAF00AE183835EA000473DA /* LayOverTakeTwo */ = {
			isa = PBXNativeTarget;
			buildConfigurationList = 8FAF00E1183835EA000473DA /* Build configuration list for PBXNativeTarget "LayOverTakeTwo" */;
			buildPhases = (
				8FAF00AB183835EA000473DA /* Sources */,
				8FAF00AC183835EA000473DA /* Frameworks */,
				8FAF00AD183835EA000473DA /* Resources */,
			);
			buildRules = (
			);
			dependencies = (
			);
			name = LayOverTakeTwo;
			productName = LayOverTakeTwo;
			productReference = 8FAF00AF183835EA000473DA /* LayOverTakeTwo.app */;
			productType = "com.apple.product-type.application";
		};
		8FAF00CF183835EA000473DA /* LayOverTakeTwoTests */ = {
			isa = PBXNativeTarget;
			buildConfigurationList = 8FAF00E4183835EA000473DA /* Build configuration list for PBXNativeTarget "LayOverTakeTwoTests" */;
			buildPhases = (
				8FAF00CC183835EA000473DA /* Sources */,
				8FAF00CD183835EA000473DA /* Frameworks */,
				8FAF00CE183835EA000473DA /* Resources */,
			);
			buildRules = (
			);
			dependencies = (
				8FAF00D6183835EA000473DA /* PBXTargetDependency */,
			);
			name = LayOverTakeTwoTests;
			productName = LayOverTakeTwoTests;
			productReference = 8FAF00D0183835EA000473DA /* LayOverTakeTwoTests.xctest */;
			productType = "com.apple.product-type.bundle.unit-test";
		};
/* End PBXNativeTarget section */

/* Begin PBXProject section */
		8FAF00A7183835EA000473DA /* Project object */ = {
			isa = PBXProject;
			attributes = {
				LastUpgradeCheck = 0500;
				ORGANIZATIONNAME = "Ashish Agarwal";
				TargetAttributes = {
					8FAF00AE183835EA000473DA = {
						DevelopmentTeam = B2T72YBCCD;
						SystemCapabilities = {
							com.apple.InAppPurchase = {
								enabled = 0;
							};
						};
					};
					8FAF00CF183835EA000473DA = {
						TestTargetID = 8FAF00AE183835EA000473DA;
					};
				};
			};
			buildConfigurationList = 8FAF00AA183835EA000473DA /* Build configuration list for PBXProject "LayOverTakeTwo" */;
			compatibilityVersion = "Xcode 3.2";
			developmentRegion = English;
			hasScannedForEncodings = 0;
			knownRegions = (
				en,
				Base,
			);
			mainGroup = 8FAF00A6183835EA000473DA;
			productRefGroup = 8FAF00B0183835EA000473DA /* Products */;
			projectDirPath = "";
			projectRoot = "";
			targets = (
				8FAF00AE183835EA000473DA /* LayOverTakeTwo */,
				8FAF00CF183835EA000473DA /* LayOverTakeTwoTests */,
			);
		};
/* End PBXProject section */

/* Begin PBXResourcesBuildPhase section */
		8FAF00AD183835EA000473DA /* Resources */ = {
			isa = PBXResourcesBuildPhase;
			buildActionMask = 2147483647;
			files = (
				29436D331838B9B9009E7B4E /* startupShort.png in Resources */,
				29436D47183914AC009E7B4E /* profileBG7.png in Resources */,
				8FAF00CB183835EA000473DA /* Images.xcassets in Resources */,
				29436D5518391DEC009E7B4E /* outbound.png in Resources */,
				29436D45183914AC009E7B4E /* profileBG9.png in Resources */,
				8FAF00BD183835EA000473DA /* InfoPlist.strings in Resources */,
				29436D4A183914AC009E7B4E /* profileBG4.png in Resources */,
				29436D48183914AC009E7B4E /* profileBG6.png in Resources */,
				29436D311838B44E009E7B4E /* logo.png in Resources */,
				29436D301838B44E009E7B4E /* Start-up.png in Resources */,
				29436D5418391DEC009E7B4E /* inbound.png in Resources */,
				29436D4D183914AC009E7B4E /* profileBG1.png in Resources */,
				29436D351838F666009E7B4E /* triangle.png in Resources */,
				29436D49183914AC009E7B4E /* profileBG5.png in Resources */,
				8FAF00C6183835EA000473DA /* Main.storyboard in Resources */,
				29436D2F1838B44E009E7B4E /* facebookButton.png in Resources */,
				29398DA118393AB100DF34E4 /* planeDown.png in Resources */,
				29436D4C183914AC009E7B4E /* profileBG2.png in Resources */,
				29398DA018393AB100DF34E4 /* planeUp.png in Resources */,
				29436D46183914AC009E7B4E /* profileBG8.png in Resources */,
				2997CA491839338B00515514 /* UnknownProfile.png in Resources */,
				29436D5118391DC9009E7B4E /* chatIcon.png in Resources */,
				29436D4B183914AC009E7B4E /* profileBG3.png in Resources */,
				29398DA31839434B00DF34E4 /* handshake.png in Resources */,
			);
			runOnlyForDeploymentPostprocessing = 0;
		};
		8FAF00CE183835EA000473DA /* Resources */ = {
			isa = PBXResourcesBuildPhase;
			buildActionMask = 2147483647;
			files = (
				8FAF00DC183835EA000473DA /* InfoPlist.strings in Resources */,
			);
			runOnlyForDeploymentPostprocessing = 0;
		};
/* End PBXResourcesBuildPhase section */

/* Begin PBXSourcesBuildPhase section */
		8FAF00AB183835EA000473DA /* Sources */ = {
			isa = PBXSourcesBuildPhase;
			buildActionMask = 2147483647;
			files = (
				8FE123DA18393220001578DE /* MeetupViewController.m in Sources */,
				8FAF00C3183835EA000473DA /* AppDelegate.m in Sources */,
				8FB988C71838DB4700E804B6 /* ChatCell.m in Sources */,
				8FD2D931183857D9004BCA3E /* CheckInViewController.m in Sources */,
				29436D38183900E0009E7B4E /* parseLoginViewController.m in Sources */,
				29436D2918387CCF009E7B4E /* ProfileViewController.m in Sources */,
				8F5F6F2E183917260052DE9D /* Reachability.m in Sources */,
				8FD2D92E1838434A004BCA3E /* (null) in Sources */,
				8FB988BF1838B28900E804B6 /* ViewProfilesViewController.m in Sources */,
				8FB988C41838D9A700E804B6 /* ChatRoomViewController.m in Sources */,
				8FAF00BF183835EA000473DA /* main.m in Sources */,
				8FE123DD183938A5001578DE /* MeetupDetailViewController.m in Sources */,
				29436D3B183906AE009E7B4E /* ParseSignupViewController.m in Sources */,
				8FAF00E9183837BE000473DA /* LoginScreenViewController.m in Sources */,
			);
			runOnlyForDeploymentPostprocessing = 0;
		};
		8FAF00CC183835EA000473DA /* Sources */ = {
			isa = PBXSourcesBuildPhase;
			buildActionMask = 2147483647;
			files = (
				8FAF00DE183835EA000473DA /* LayOverTakeTwoTests.m in Sources */,
			);
			runOnlyForDeploymentPostprocessing = 0;
		};
/* End PBXSourcesBuildPhase section */

/* Begin PBXTargetDependency section */
		8FAF00D6183835EA000473DA /* PBXTargetDependency */ = {
			isa = PBXTargetDependency;
			target = 8FAF00AE183835EA000473DA /* LayOverTakeTwo */;
			targetProxy = 8FAF00D5183835EA000473DA /* PBXContainerItemProxy */;
		};
/* End PBXTargetDependency section */

/* Begin PBXVariantGroup section */
		8FAF00BB183835EA000473DA /* InfoPlist.strings */ = {
			isa = PBXVariantGroup;
			children = (
				8FAF00BC183835EA000473DA /* en */,
			);
			name = InfoPlist.strings;
			sourceTree = "<group>";
		};
		8FAF00C4183835EA000473DA /* Main.storyboard */ = {
			isa = PBXVariantGroup;
			children = (
				8FD2D93218387015004BCA3E /* en */,
			);
			name = Main.storyboard;
			sourceTree = "<group>";
		};
		8FAF00DA183835EA000473DA /* InfoPlist.strings */ = {
			isa = PBXVariantGroup;
			children = (
				8FAF00DB183835EA000473DA /* en */,
			);
			name = InfoPlist.strings;
			sourceTree = "<group>";
		};
/* End PBXVariantGroup section */

/* Begin XCBuildConfiguration section */
		8FAF00DF183835EA000473DA /* Debug */ = {
			isa = XCBuildConfiguration;
			buildSettings = {
				ALWAYS_SEARCH_USER_PATHS = NO;
				ARCHS = "$(ARCHS_STANDARD_INCLUDING_64_BIT)";
				CLANG_CXX_LANGUAGE_STANDARD = "gnu++0x";
				CLANG_CXX_LIBRARY = "libc++";
				CLANG_ENABLE_MODULES = YES;
				CLANG_ENABLE_OBJC_ARC = YES;
				CLANG_WARN_BOOL_CONVERSION = YES;
				CLANG_WARN_CONSTANT_CONVERSION = YES;
				CLANG_WARN_DIRECT_OBJC_ISA_USAGE = YES_ERROR;
				CLANG_WARN_EMPTY_BODY = YES;
				CLANG_WARN_ENUM_CONVERSION = YES;
				CLANG_WARN_INT_CONVERSION = YES;
				CLANG_WARN_OBJC_ROOT_CLASS = YES_ERROR;
				CLANG_WARN__DUPLICATE_METHOD_MATCH = YES;
				"CODE_SIGN_IDENTITY[sdk=iphoneos*]" = "iPhone Developer";
				COPY_PHASE_STRIP = NO;
				GCC_C_LANGUAGE_STANDARD = gnu99;
				GCC_DYNAMIC_NO_PIC = NO;
				GCC_OPTIMIZATION_LEVEL = 0;
				GCC_PREPROCESSOR_DEFINITIONS = (
					"DEBUG=1",
					"$(inherited)",
				);
				GCC_SYMBOLS_PRIVATE_EXTERN = NO;
				GCC_WARN_64_TO_32_BIT_CONVERSION = YES;
				GCC_WARN_ABOUT_RETURN_TYPE = YES_ERROR;
				GCC_WARN_UNDECLARED_SELECTOR = YES;
				GCC_WARN_UNINITIALIZED_AUTOS = YES;
				GCC_WARN_UNUSED_FUNCTION = YES;
				GCC_WARN_UNUSED_VARIABLE = YES;
				IPHONEOS_DEPLOYMENT_TARGET = 7.0;
				ONLY_ACTIVE_ARCH = YES;
				SDKROOT = iphoneos;
			};
			name = Debug;
		};
		8FAF00E0183835EA000473DA /* Release */ = {
			isa = XCBuildConfiguration;
			buildSettings = {
				ALWAYS_SEARCH_USER_PATHS = NO;
				ARCHS = "$(ARCHS_STANDARD_INCLUDING_64_BIT)";
				CLANG_CXX_LANGUAGE_STANDARD = "gnu++0x";
				CLANG_CXX_LIBRARY = "libc++";
				CLANG_ENABLE_MODULES = YES;
				CLANG_ENABLE_OBJC_ARC = YES;
				CLANG_WARN_BOOL_CONVERSION = YES;
				CLANG_WARN_CONSTANT_CONVERSION = YES;
				CLANG_WARN_DIRECT_OBJC_ISA_USAGE = YES_ERROR;
				CLANG_WARN_EMPTY_BODY = YES;
				CLANG_WARN_ENUM_CONVERSION = YES;
				CLANG_WARN_INT_CONVERSION = YES;
				CLANG_WARN_OBJC_ROOT_CLASS = YES_ERROR;
				CLANG_WARN__DUPLICATE_METHOD_MATCH = YES;
				"CODE_SIGN_IDENTITY[sdk=iphoneos*]" = "iPhone Developer";
				COPY_PHASE_STRIP = YES;
				ENABLE_NS_ASSERTIONS = NO;
				GCC_C_LANGUAGE_STANDARD = gnu99;
				GCC_WARN_64_TO_32_BIT_CONVERSION = YES;
				GCC_WARN_ABOUT_RETURN_TYPE = YES_ERROR;
				GCC_WARN_UNDECLARED_SELECTOR = YES;
				GCC_WARN_UNINITIALIZED_AUTOS = YES;
				GCC_WARN_UNUSED_FUNCTION = YES;
				GCC_WARN_UNUSED_VARIABLE = YES;
				IPHONEOS_DEPLOYMENT_TARGET = 7.0;
				SDKROOT = iphoneos;
				VALIDATE_PRODUCT = YES;
			};
			name = Release;
		};
		8FAF00E2183835EA000473DA /* Debug */ = {
			isa = XCBuildConfiguration;
			buildSettings = {
				ASSETCATALOG_COMPILER_APPICON_NAME = AppIcon;
				FRAMEWORK_SEARCH_PATHS = (
					.,
					/Users/ryan/Dev/LayOver,
				);
				GCC_PRECOMPILE_PREFIX_HEADER = YES;
				GCC_PREFIX_HEADER = "LayOverTakeTwo/LayOverTakeTwo-Prefix.pch";
				INFOPLIST_FILE = "LayOverTakeTwo/LayOverTakeTwo-Info.plist";
				PRODUCT_NAME = "$(TARGET_NAME)";
				WRAPPER_EXTENSION = app;
			};
			name = Debug;
		};
		8FAF00E3183835EA000473DA /* Release */ = {
			isa = XCBuildConfiguration;
			buildSettings = {
				ASSETCATALOG_COMPILER_APPICON_NAME = AppIcon;
				FRAMEWORK_SEARCH_PATHS = (
					.,
					/Users/ryan/Dev/LayOver,
				);
				GCC_PRECOMPILE_PREFIX_HEADER = YES;
				GCC_PREFIX_HEADER = "LayOverTakeTwo/LayOverTakeTwo-Prefix.pch";
				INFOPLIST_FILE = "LayOverTakeTwo/LayOverTakeTwo-Info.plist";
				PRODUCT_NAME = "$(TARGET_NAME)";
				WRAPPER_EXTENSION = app;
			};
			name = Release;
		};
		8FAF00E5183835EA000473DA /* Debug */ = {
			isa = XCBuildConfiguration;
			buildSettings = {
				ARCHS = "$(ARCHS_STANDARD_INCLUDING_64_BIT)";
				BUNDLE_LOADER = "$(BUILT_PRODUCTS_DIR)/LayOverTakeTwo.app/LayOverTakeTwo";
				FRAMEWORK_SEARCH_PATHS = (
					"$(SDKROOT)/Developer/Library/Frameworks",
					"$(inherited)",
					"$(DEVELOPER_FRAMEWORKS_DIR)",
					/Users/ryan/Dev/LayOver,
				);
				GCC_PRECOMPILE_PREFIX_HEADER = YES;
				GCC_PREFIX_HEADER = "LayOverTakeTwo/LayOverTakeTwo-Prefix.pch";
				GCC_PREPROCESSOR_DEFINITIONS = (
					"DEBUG=1",
					"$(inherited)",
				);
				INFOPLIST_FILE = "LayOverTakeTwoTests/LayOverTakeTwoTests-Info.plist";
				PRODUCT_NAME = "$(TARGET_NAME)";
				TEST_HOST = "$(BUNDLE_LOADER)";
				WRAPPER_EXTENSION = xctest;
			};
			name = Debug;
		};
		8FAF00E6183835EA000473DA /* Release */ = {
			isa = XCBuildConfiguration;
			buildSettings = {
				ARCHS = "$(ARCHS_STANDARD_INCLUDING_64_BIT)";
				BUNDLE_LOADER = "$(BUILT_PRODUCTS_DIR)/LayOverTakeTwo.app/LayOverTakeTwo";
				FRAMEWORK_SEARCH_PATHS = (
					"$(SDKROOT)/Developer/Library/Frameworks",
					"$(inherited)",
					"$(DEVELOPER_FRAMEWORKS_DIR)",
					/Users/ryan/Dev/LayOver,
				);
				GCC_PRECOMPILE_PREFIX_HEADER = YES;
				GCC_PREFIX_HEADER = "LayOverTakeTwo/LayOverTakeTwo-Prefix.pch";
				INFOPLIST_FILE = "LayOverTakeTwoTests/LayOverTakeTwoTests-Info.plist";
				PRODUCT_NAME = "$(TARGET_NAME)";
				TEST_HOST = "$(BUNDLE_LOADER)";
				WRAPPER_EXTENSION = xctest;
			};
			name = Release;
		};
/* End XCBuildConfiguration section */

/* Begin XCConfigurationList section */
		8FAF00AA183835EA000473DA /* Build configuration list for PBXProject "LayOverTakeTwo" */ = {
			isa = XCConfigurationList;
			buildConfigurations = (
				8FAF00DF183835EA000473DA /* Debug */,
				8FAF00E0183835EA000473DA /* Release */,
			);
			defaultConfigurationIsVisible = 0;
			defaultConfigurationName = Release;
		};
		8FAF00E1183835EA000473DA /* Build configuration list for PBXNativeTarget "LayOverTakeTwo" */ = {
			isa = XCConfigurationList;
			buildConfigurations = (
				8FAF00E2183835EA000473DA /* Debug */,
				8FAF00E3183835EA000473DA /* Release */,
			);
			defaultConfigurationIsVisible = 0;
			defaultConfigurationName = Release;
		};
		8FAF00E4183835EA000473DA /* Build configuration list for PBXNativeTarget "LayOverTakeTwoTests" */ = {
			isa = XCConfigurationList;
			buildConfigurations = (
				8FAF00E5183835EA000473DA /* Debug */,
				8FAF00E6183835EA000473DA /* Release */,
			);
			defaultConfigurationIsVisible = 0;
			defaultConfigurationName = Release;
		};
/* End XCConfigurationList section */
	};
	rootObject = 8FAF00A7183835EA000473DA /* Project object */;
}
